
Microsoft Visual Studio Solution File, Format Version 12.00
# Visual Studio Version 17
VisualStudioVersion = 17.3.32929.385
MinimumVisualStudioVersion = 10.0.40219.1
Project("{9A19103F-16F7-4668-BE54-9A1E7A4F7556}") = "SMSAndWhatsAppDeploymentTool", "SMSAndWhatsAppDeploymentTool\SMSAndWhatsAppDeploymentTool.csproj", "{1A88B31E-5675-45D7-89C2-DB485B7A189D}"
EndProject
Project("{2150E333-8FDC-42A3-9474-1A3956D46DE8}") = "Solution Items", "Solution Items", "{D8136751-5C33-433B-9528-F42D2D1B1453}"
	ProjectSection(SolutionItems) = preProject
		.editorconfig = .editorconfig
	EndProjectSection
EndProject
Global
	GlobalSection(SolutionConfigurationPlatforms) = preSolution
		Debug|Any CPU = Debug|Any CPU
		Release|Any CPU = Release|Any CPU
	EndGlobalSection
	GlobalSection(ProjectConfigurationPlatforms) = postSolution
		{1A88B31E-5675-45D7-89C2-DB485B7A189D}.Debug|Any CPU.ActiveCfg = Debug|Any CPU
		{1A88B31E-5675-45D7-89C2-DB485B7A189D}.Debug|Any CPU.Build.0 = Debug|Any CPU
		{1A88B31E-5675-45D7-89C2-DB485B7A189D}.Release|Any CPU.ActiveCfg = Release|Any CPU
		{1A88B31E-5675-45D7-89C2-DB485B7A189D}.Release|Any CPU.Build.0 = Release|Any CPU
	EndGlobalSection
	GlobalSection(SolutionProperties) = preSolution
		HideSolutionNode = FALSE
	EndGlobalSection
	GlobalSection(ExtensibilityGlobals) = postSolution
		SolutionGuid = {934B726B-031E-4165-B4F3-2036FAA693B2}
	EndGlobalSection
EndGlobal
